{
  "version": 4,
  "terraform_version": "1.12.1",
  "serial": 4,
  "lineage": "e4afd4a6-69c6-b107-57e1-0c25ebaf12ec",
  "outputs": {
    "host_port": {
      "value": 5000,
      "type": "number"
    }
  },
  "resources": [
    {
      "mode": "managed",
      "type": "docker_image",
      "name": "flask_image",
      "provider": "provider[\"registry.terraform.io/kreuzwerker/docker\"]",
      "instances": [
        {
          "schema_version": 0,
          "attributes": {
            "build": [],
            "force_remove": null,
            "id": "sha256:dbf1de478a55d6763afaa39c2f3d7b54b25230614980276de5cacdde79529d0cpython:3.11-slim",
            "image_id": "sha256:dbf1de478a55d6763afaa39c2f3d7b54b25230614980276de5cacdde79529d0c",
            "keep_locally": false,
            "name": "python:3.11-slim",
            "platform": null,
            "pull_triggers": null,
            "repo_digest": "python@sha256:dbf1de478a55d6763afaa39c2f3d7b54b25230614980276de5cacdde79529d0c",
            "timeouts": null,
            "triggers": null
          },
          "sensitive_attributes": [],
          "identity_schema_version": 0,
          "private": "eyJlMmJmYjczMC1lY2FhLTExZTYtOGY4OC0zNDM2M2JjN2M0YzAiOnsiY3JlYXRlIjoxMjAwMDAwMDAwMDAwLCJkZWxldGUiOjEyMDAwMDAwMDAwMDAsInVwZGF0ZSI6MTIwMDAwMDAwMDAwMH19"
        }
      ]
    },
    {
      "mode": "managed",
      "type": "docker_network",
      "name": "flask_network",
      "provider": "provider[\"registry.terraform.io/kreuzwerker/docker\"]",
      "instances": [
        {
          "schema_version": 1,
          "attributes": {
            "attachable": false,
            "check_duplicate": null,
            "driver": "bridge",
            "id": "e89275ea5d9c783cbcbf74569e079b37ce93bb4351354211d392881c26a4c5d6",
            "ingress": false,
            "internal": false,
            "ipam_config": [
              {
                "aux_address": {},
                "gateway": "172.18.0.1",
                "ip_range": "",
                "subnet": "172.18.0.0/16"
              }
            ],
            "ipam_driver": "default",
            "ipam_options": null,
            "ipv6": false,
            "labels": [],
            "name": "devops_flask_network",
            "options": {
              "com.docker.network.enable_ipv4": "true",
              "com.docker.network.enable_ipv6": "false"
            },
            "scope": "local"
          },
          "sensitive_attributes": [],
          "identity_schema_version": 0,
          "private": "eyJzY2hlbWFfdmVyc2lvbiI6IjEifQ=="
        }
      ]
    }
  ],
  "check_results": null
}
